
Microsoft Visual Studio Solution File, Format Version 12.00
Project("{FAE04EC0-301F-11D3-BF4B-00C04F79EFBC}") = "WebApp", "WebApp\WebApp.csproj", "{BBD4BE52-5DE4-45EF-8C92-DBDB70D0DCF6}"
EndProject
Global
	GlobalSection(SolutionConfigurationPlatforms) = preSolution
		Debug|Any CPU = Debug|Any CPU
		Release|Any CPU = Release|Any CPU
	EndGlobalSection
	GlobalSection(ProjectConfigurationPlatforms) = postSolution
		{BBD4BE52-5DE4-45EF-8C92-DBDB70D0DCF6}.Debug|Any CPU.ActiveCfg = Debug|Any CPU
		{BBD4BE52-5DE4-45EF-8C92-DBDB70D0DCF6}.Debug|Any CPU.Build.0 = Debug|Any CPU
		{BBD4BE52-5DE4-45EF-8C92-DBDB70D0DCF6}.Release|Any CPU.ActiveCfg = Release|Any CPU
		{BBD4BE52-5DE4-45EF-8C92-DBDB70D0DCF6}.Release|Any CPU.Build.0 = Release|Any CPU
	EndGlobalSection
EndGlobal
